
Microsoft Visual Studio Solution File, Format Version 12.00
# Visual Studio Version 17
VisualStudioVersion = 17.13.35931.197 d17.13
MinimumVisualStudioVersion = 10.0.40219.1
Project("{FAE04EC0-301F-11D3-BF4B-00C04F79EFBC}") = "Lexify", "Lexify.csproj", "{B8405C84-A8D6-43DD-BE8E-62089465B2C9}"
EndProject
Global
	GlobalSection(SolutionConfigurationPlatforms) = preSolution
		Debug|Any CPU = Debug|Any CPU
		Release|Any CPU = Release|Any CPU
	EndGlobalSection
	GlobalSection(ProjectConfigurationPlatforms) = postSolution
		{B8405C84-A8D6-43DD-BE8E-62089465B2C9}.Debug|Any CPU.ActiveCfg = Debug|Any CPU
		{B8405C84-A8D6-43DD-BE8E-62089465B2C9}.Debug|Any CPU.Build.0 = Debug|Any CPU
		{B8405C84-A8D6-43DD-BE8E-62089465B2C9}.Release|Any CPU.ActiveCfg = Release|Any CPU
		{B8405C84-A8D6-43DD-BE8E-62089465B2C9}.Release|Any CPU.Build.0 = Release|Any CPU
	EndGlobalSection
	GlobalSection(SolutionProperties) = preSolution
		HideSolutionNode = FALSE
	EndGlobalSection
	GlobalSection(ExtensibilityGlobals) = postSolution
		SolutionGuid = {5B994476-BAA2-4EFF-8557-D546A06C758B}
	EndGlobalSection
EndGlobal
